
Microsoft Visual Studio Solution File, Format Version 12.00
# Visual Studio Version 17
VisualStudioVersion = 17.9.34723.18
MinimumVisualStudioVersion = 10.0.40219.1
Project("{FAE04EC0-301F-11D3-BF4B-00C04F79EFBC}") = "FE_MVC", "FE_MVC.csproj", "{8CBE5619-67D3-4521-BA3C-C25AB8FB75BC}"
EndProject
Global
	GlobalSection(SolutionConfigurationPlatforms) = preSolution
		Debug|Any CPU = Debug|Any CPU
		Release|Any CPU = Release|Any CPU
	EndGlobalSection
	GlobalSection(ProjectConfigurationPlatforms) = postSolution
		{8CBE5619-67D3-4521-BA3C-C25AB8FB75BC}.Debug|Any CPU.ActiveCfg = Debug|Any CPU
		{8CBE5619-67D3-4521-BA3C-C25AB8FB75BC}.Debug|Any CPU.Build.0 = Debug|Any CPU
		{8CBE5619-67D3-4521-BA3C-C25AB8FB75BC}.Release|Any CPU.ActiveCfg = Release|Any CPU
		{8CBE5619-67D3-4521-BA3C-C25AB8FB75BC}.Release|Any CPU.Build.0 = Release|Any CPU
	EndGlobalSection
	GlobalSection(SolutionProperties) = preSolution
		HideSolutionNode = FALSE
	EndGlobalSection
	GlobalSection(ExtensibilityGlobals) = postSolution
		SolutionGuid = {C5C2F55D-FF44-44FD-86BE-A496C8D79975}
	EndGlobalSection
EndGlobal
